// !$*UTF8*$!
{
	archiveVersion = 1;
	classes = {
	};
	objectVersion = 50;
	objects = {

/* Begin PBXBuildFile section */
		A65CA7CF25A38EFC007C6935 /* Package.swift in Sources */ = {isa = PBXBuildFile; fileRef = A65CA7CE25A38EFC007C6935 /* Package.swift */; };
		A65CA7D425A38FE9007C6935 /* PackagePresentable.swift in Sources */ = {isa = PBXBuildFile; fileRef = A65CA7D325A38FE9007C6935 /* PackagePresentable.swift */; };
		A65CA7D825A39000007C6935 /* PackageViewPresentable.swift in Sources */ = {isa = PBXBuildFile; fileRef = A65CA7D725A39000007C6935 /* PackageViewPresentable.swift */; };
		A65CA7DC25A39028007C6935 /* UILabel+Utility.swift in Sources */ = {isa = PBXBuildFile; fileRef = A65CA7DB25A39028007C6935 /* UILabel+Utility.swift */; };
		A65CA7E025A39054007C6935 /* UIImageView+URLLoading.swift in Sources */ = {isa = PBXBuildFile; fileRef = A65CA7DF25A39054007C6935 /* UIImageView+URLLoading.swift */; };
		A65CA7E825A390A2007C6935 /* HomeViewController.swift in Sources */ = {isa = PBXBuildFile; fileRef = A65CA7E725A390A2007C6935 /* HomeViewController.swift */; };
		A65CA7EC25A390C2007C6935 /* HomeDataSource.swift in Sources */ = {isa = PBXBuildFile; fileRef = A65CA7EB25A390C2007C6935 /* HomeDataSource.swift */; };
		A65CA7EF25A390D6007C6935 /* HomeViewModel.swift in Sources */ = {isa = PBXBuildFile; fileRef = A65CA7EE25A390D6007C6935 /* HomeViewModel.swift */; };
		A65CA7F325A390FB007C6935 /* FightCampService.swift in Sources */ = {isa = PBXBuildFile; fileRef = A65CA7F225A390FB007C6935 /* FightCampService.swift */; };
		A65CA7F825A39126007C6935 /* FightCampServiceable.swift in Sources */ = {isa = PBXBuildFile; fileRef = A65CA7F725A39126007C6935 /* FightCampServiceable.swift */; };
		A65CA7FC25A39142007C6935 /* ListPackagesProtocol.swift in Sources */ = {isa = PBXBuildFile; fileRef = A65CA7FB25A39142007C6935 /* ListPackagesProtocol.swift */; };
		A65CA7FF25A39154007C6935 /* Configurable.swift in Sources */ = {isa = PBXBuildFile; fileRef = A65CA7FE25A39154007C6935 /* Configurable.swift */; };
		A65CA80225A39172007C6935 /* PackageTableViewCell.swift in Sources */ = {isa = PBXBuildFile; fileRef = A65CA80125A39172007C6935 /* PackageTableViewCell.swift */; };
		A65CA80525A393F3007C6935 /* ThumbnailsView.swift in Sources */ = {isa = PBXBuildFile; fileRef = A65CA80425A393F3007C6935 /* ThumbnailsView.swift */; };
		A65CA80C25A39F71007C6935 /* ViewReusable.swift in Sources */ = {isa = PBXBuildFile; fileRef = A65CA80B25A39F71007C6935 /* ViewReusable.swift */; };
		A65CA81025A3BB09007C6935 /* AppCoordinator.swift in Sources */ = {isa = PBXBuildFile; fileRef = A65CA80F25A3BB09007C6935 /* AppCoordinator.swift */; };
		A65CA81425A3BB28007C6935 /* Coordinator.swift in Sources */ = {isa = PBXBuildFile; fileRef = A65CA81325A3BB28007C6935 /* Coordinator.swift */; };
		C1BD977A249AC04D0044B734 /* AppDelegate.swift in Sources */ = {isa = PBXBuildFile; fileRef = C1BD9779249AC04D0044B734 /* AppDelegate.swift */; };
		C1BD977C249AC04D0044B734 /* SceneDelegate.swift in Sources */ = {isa = PBXBuildFile; fileRef = C1BD977B249AC04D0044B734 /* SceneDelegate.swift */; };
		C1BD9783249AC04E0044B734 /* Assets.xcassets in Resources */ = {isa = PBXBuildFile; fileRef = C1BD9782249AC04E0044B734 /* Assets.xcassets */; };
		C1BD978F249AC0790044B734 /* Colors.swift in Sources */ = {isa = PBXBuildFile; fileRef = C1BD978E249AC0790044B734 /* Colors.swift */; };
		C1BD9791249AC0810044B734 /* Fonts.swift in Sources */ = {isa = PBXBuildFile; fileRef = C1BD9790249AC0810044B734 /* Fonts.swift */; };
		C1BD9793249AC3620044B734 /* packages.json in Resources */ = {isa = PBXBuildFile; fileRef = C1BD9792249AC3620044B734 /* packages.json */; };
		C1BD979E249AFFCC0044B734 /* Font-2.otf in Resources */ = {isa = PBXBuildFile; fileRef = C1BD979C249AFF290044B734 /* Font-2.otf */; };
		C1BD979F249AFFCC0044B734 /* Font-3.otf in Resources */ = {isa = PBXBuildFile; fileRef = C1BD979D249AFF290044B734 /* Font-3.otf */; };
		C1BD97A0249AFFCC0044B734 /* Font-1.otf in Resources */ = {isa = PBXBuildFile; fileRef = C1BD979B249AFF290044B734 /* Font-1.otf */; };
		C1FD02AD249B23F30029487C /* Layout.swift in Sources */ = {isa = PBXBuildFile; fileRef = C1FD02AC249B23F30029487C /* Layout.swift */; };
/* End PBXBuildFile section */

/* Begin PBXFileReference section */
		A65CA7CE25A38EFC007C6935 /* Package.swift */ = {isa = PBXFileReference; lastKnownFileType = sourcecode.swift; path = Package.swift; sourceTree = "<group>"; };
		A65CA7D325A38FE9007C6935 /* PackagePresentable.swift */ = {isa = PBXFileReference; lastKnownFileType = sourcecode.swift; path = PackagePresentable.swift; sourceTree = "<group>"; };
		A65CA7D725A39000007C6935 /* PackageViewPresentable.swift */ = {isa = PBXFileReference; lastKnownFileType = sourcecode.swift; path = PackageViewPresentable.swift; sourceTree = "<group>"; };
		A65CA7DB25A39028007C6935 /* UILabel+Utility.swift */ = {isa = PBXFileReference; lastKnownFileType = sourcecode.swift; path = "UILabel+Utility.swift"; sourceTree = "<group>"; };
		A65CA7DF25A39054007C6935 /* UIImageView+URLLoading.swift */ = {isa = PBXFileReference; lastKnownFileType = sourcecode.swift; path = "UIImageView+URLLoading.swift"; sourceTree = "<group>"; };
		A65CA7E725A390A2007C6935 /* HomeViewController.swift */ = {isa = PBXFileReference; lastKnownFileType = sourcecode.swift; path = HomeViewController.swift; sourceTree = "<group>"; };
		A65CA7EB25A390C2007C6935 /* HomeDataSource.swift */ = {isa = PBXFileReference; lastKnownFileType = sourcecode.swift; path = HomeDataSource.swift; sourceTree = "<group>"; };
		A65CA7EE25A390D6007C6935 /* HomeViewModel.swift */ = {isa = PBXFileReference; lastKnownFileType = sourcecode.swift; path = HomeViewModel.swift; sourceTree = "<group>"; };
		A65CA7F225A390FB007C6935 /* FightCampService.swift */ = {isa = PBXFileReference; lastKnownFileType = sourcecode.swift; path = FightCampService.swift; sourceTree = "<group>"; };
		A65CA7F725A39126007C6935 /* FightCampServiceable.swift */ = {isa = PBXFileReference; lastKnownFileType = sourcecode.swift; path = FightCampServiceable.swift; sourceTree = "<group>"; };
		A65CA7FB25A39142007C6935 /* ListPackagesProtocol.swift */ = {isa = PBXFileReference; lastKnownFileType = sourcecode.swift; path = ListPackagesProtocol.swift; sourceTree = "<group>"; };
		A65CA7FE25A39154007C6935 /* Configurable.swift */ = {isa = PBXFileReference; lastKnownFileType = sourcecode.swift; path = Configurable.swift; sourceTree = "<group>"; };
		A65CA80125A39172007C6935 /* PackageTableViewCell.swift */ = {isa = PBXFileReference; lastKnownFileType = sourcecode.swift; path = PackageTableViewCell.swift; sourceTree = "<group>"; };
		A65CA80425A393F3007C6935 /* ThumbnailsView.swift */ = {isa = PBXFileReference; lastKnownFileType = sourcecode.swift; path = ThumbnailsView.swift; sourceTree = "<group>"; };
		A65CA80B25A39F71007C6935 /* ViewReusable.swift */ = {isa = PBXFileReference; lastKnownFileType = sourcecode.swift; path = ViewReusable.swift; sourceTree = "<group>"; };
		A65CA80F25A3BB09007C6935 /* AppCoordinator.swift */ = {isa = PBXFileReference; lastKnownFileType = sourcecode.swift; path = AppCoordinator.swift; sourceTree = "<group>"; };
		A65CA81325A3BB28007C6935 /* Coordinator.swift */ = {isa = PBXFileReference; lastKnownFileType = sourcecode.swift; path = Coordinator.swift; sourceTree = "<group>"; };
		C1BD9776249AC04D0044B734 /* FC-Homework.app */ = {isa = PBXFileReference; explicitFileType = wrapper.application; includeInIndex = 0; path = "FC-Homework.app"; sourceTree = BUILT_PRODUCTS_DIR; };
		C1BD9779249AC04D0044B734 /* AppDelegate.swift */ = {isa = PBXFileReference; lastKnownFileType = sourcecode.swift; path = AppDelegate.swift; sourceTree = "<group>"; };
		C1BD977B249AC04D0044B734 /* SceneDelegate.swift */ = {isa = PBXFileReference; lastKnownFileType = sourcecode.swift; path = SceneDelegate.swift; sourceTree = "<group>"; };
		C1BD9782249AC04E0044B734 /* Assets.xcassets */ = {isa = PBXFileReference; lastKnownFileType = folder.assetcatalog; path = Assets.xcassets; sourceTree = "<group>"; };
		C1BD9787249AC04E0044B734 /* Info.plist */ = {isa = PBXFileReference; lastKnownFileType = text.plist.xml; path = Info.plist; sourceTree = "<group>"; };
		C1BD978E249AC0790044B734 /* Colors.swift */ = {isa = PBXFileReference; lastKnownFileType = sourcecode.swift; path = Colors.swift; sourceTree = "<group>"; };
		C1BD9790249AC0810044B734 /* Fonts.swift */ = {isa = PBXFileReference; lastKnownFileType = sourcecode.swift; path = Fonts.swift; sourceTree = "<group>"; };
		C1BD9792249AC3620044B734 /* packages.json */ = {isa = PBXFileReference; fileEncoding = 4; lastKnownFileType = text.json; path = packages.json; sourceTree = "<group>"; };
		C1BD979B249AFF290044B734 /* Font-1.otf */ = {isa = PBXFileReference; lastKnownFileType = file; path = "Font-1.otf"; sourceTree = "<group>"; };
		C1BD979C249AFF290044B734 /* Font-2.otf */ = {isa = PBXFileReference; lastKnownFileType = file; path = "Font-2.otf"; sourceTree = "<group>"; };
		C1BD979D249AFF290044B734 /* Font-3.otf */ = {isa = PBXFileReference; lastKnownFileType = file; path = "Font-3.otf"; sourceTree = "<group>"; };
		C1FD02AC249B23F30029487C /* Layout.swift */ = {isa = PBXFileReference; lastKnownFileType = sourcecode.swift; path = Layout.swift; sourceTree = "<group>"; };
/* End PBXFileReference section */

/* Begin PBXFrameworksBuildPhase section */
		C1BD9773249AC04D0044B734 /* Frameworks */ = {
			isa = PBXFrameworksBuildPhase;
			buildActionMask = 2147483647;
			files = (
			);
			runOnlyForDeploymentPostprocessing = 0;
		};
/* End PBXFrameworksBuildPhase section */

/* Begin PBXGroup section */
		A65CA7C325A38D58007C6935 /* Application */ = {
			isa = PBXGroup;
			children = (
				C1BD9779249AC04D0044B734 /* AppDelegate.swift */,
				C1BD977B249AC04D0044B734 /* SceneDelegate.swift */,
			);
			path = Application;
			sourceTree = "<group>";
		};
		A65CA7C425A38D5F007C6935 /* Model */ = {
			isa = PBXGroup;
			children = (
				A65CA7CE25A38EFC007C6935 /* Package.swift */,
			);
			path = Model;
			sourceTree = "<group>";
		};
		A65CA7C525A38DAB007C6935 /* Core */ = {
			isa = PBXGroup;
			children = (
				A65CA7F625A3911D007C6935 /* Protocols */,
				A65CA7F125A390F1007C6935 /* Network */,
				A65CA7D225A38FD7007C6935 /* Presentable */,
				C1FD02AB249B23E10029487C /* Helpers */,
			);
			path = Core;
			sourceTree = "<group>";
		};
		A65CA7C625A38DB0007C6935 /* Screens */ = {
			isa = PBXGroup;
			children = (
				A65CA7E225A39060007C6935 /* Home */,
			);
			path = Screens;
			sourceTree = "<group>";
		};
		A65CA7C725A38DB7007C6935 /* Resources */ = {
			isa = PBXGroup;
			children = (
				C1BD979A249AFF0C0044B734 /* Assets */,
				C1BD9787249AC04E0044B734 /* Info.plist */,
				C1BD9782249AC04E0044B734 /* Assets.xcassets */,
				A65CA7C925A38DE8007C6935 /* json */,
			);
			path = Resources;
			sourceTree = "<group>";
		};
		A65CA7C925A38DE8007C6935 /* json */ = {
			isa = PBXGroup;
			children = (
				C1BD9792249AC3620044B734 /* packages.json */,
			);
			path = json;
			sourceTree = "<group>";
		};
		A65CA7D225A38FD7007C6935 /* Presentable */ = {
			isa = PBXGroup;
			children = (
				A65CA7D325A38FE9007C6935 /* PackagePresentable.swift */,
				A65CA7D725A39000007C6935 /* PackageViewPresentable.swift */,
			);
			path = Presentable;
			sourceTree = "<group>";
		};
		A65CA7DA25A3901A007C6935 /* Extensions */ = {
			isa = PBXGroup;
			children = (
				A65CA7DB25A39028007C6935 /* UILabel+Utility.swift */,
				A65CA7DF25A39054007C6935 /* UIImageView+URLLoading.swift */,
			);
			path = Extensions;
			sourceTree = "<group>";
		};
		A65CA7E225A39060007C6935 /* Home */ = {
			isa = PBXGroup;
			children = (
				A65CA7E525A39082007C6935 /* DataSource */,
				A65CA7E425A3907B007C6935 /* ViewModel */,
				A65CA7E325A39073007C6935 /* View */,
			);
			path = Home;
			sourceTree = "<group>";
		};
		A65CA7E325A39073007C6935 /* View */ = {
			isa = PBXGroup;
			children = (
				A65CA7E625A39093007C6935 /* Cell */,
				A65CA7E725A390A2007C6935 /* HomeViewController.swift */,
			);
			path = View;
			sourceTree = "<group>";
		};
		A65CA7E425A3907B007C6935 /* ViewModel */ = {
			isa = PBXGroup;
			children = (
				A65CA7EE25A390D6007C6935 /* HomeViewModel.swift */,
			);
			path = ViewModel;
			sourceTree = "<group>";
		};
		A65CA7E525A39082007C6935 /* DataSource */ = {
			isa = PBXGroup;
			children = (
				A65CA7EB25A390C2007C6935 /* HomeDataSource.swift */,
			);
			path = DataSource;
			sourceTree = "<group>";
		};
		A65CA7E625A39093007C6935 /* Cell */ = {
			isa = PBXGroup;
			children = (
				A65CA80125A39172007C6935 /* PackageTableViewCell.swift */,
				A65CA80425A393F3007C6935 /* ThumbnailsView.swift */,
			);
			path = Cell;
			sourceTree = "<group>";
		};
		A65CA7F125A390F1007C6935 /* Network */ = {
			isa = PBXGroup;
			children = (
				A65CA7F225A390FB007C6935 /* FightCampService.swift */,
			);
			path = Network;
			sourceTree = "<group>";
		};
		A65CA7F625A3911D007C6935 /* Protocols */ = {
			isa = PBXGroup;
			children = (
				A65CA7F725A39126007C6935 /* FightCampServiceable.swift */,
				A65CA7FB25A39142007C6935 /* ListPackagesProtocol.swift */,
				A65CA7FE25A39154007C6935 /* Configurable.swift */,
				A65CA80B25A39F71007C6935 /* ViewReusable.swift */,
				A65CA81325A3BB28007C6935 /* Coordinator.swift */,
			);
			path = Protocols;
			sourceTree = "<group>";
		};
		A65CA80E25A3BAFC007C6935 /* Coordinator */ = {
			isa = PBXGroup;
			children = (
				A65CA80F25A3BB09007C6935 /* AppCoordinator.swift */,
			);
			path = Coordinator;
			sourceTree = "<group>";
		};
		C1BD976D249AC04D0044B734 = {
			isa = PBXGroup;
			children = (
				C1BD9778249AC04D0044B734 /* FightCamp-Homework */,
				C1BD9777249AC04D0044B734 /* Products */,
			);
			sourceTree = "<group>";
		};
		C1BD9777249AC04D0044B734 /* Products */ = {
			isa = PBXGroup;
			children = (
				C1BD9776249AC04D0044B734 /* FC-Homework.app */,
			);
			name = Products;
			sourceTree = "<group>";
		};
		C1BD9778249AC04D0044B734 /* FightCamp-Homework */ = {
			isa = PBXGroup;
			children = (
				A65CA80E25A3BAFC007C6935 /* Coordinator */,
				A65CA7C325A38D58007C6935 /* Application */,
				A65CA7C525A38DAB007C6935 /* Core */,
				A65CA7C625A38DB0007C6935 /* Screens */,
				A65CA7C425A38D5F007C6935 /* Model */,
				A65CA7C725A38DB7007C6935 /* Resources */,
			);
			path = "FightCamp-Homework";
			sourceTree = "<group>";
		};
		C1BD979A249AFF0C0044B734 /* Assets */ = {
			isa = PBXGroup;
			children = (
				C1BD979C249AFF290044B734 /* Font-2.otf */,
				C1BD979D249AFF290044B734 /* Font-3.otf */,
				C1BD979B249AFF290044B734 /* Font-1.otf */,
			);
			path = Assets;
			sourceTree = "<group>";
		};
		C1FD02AB249B23E10029487C /* Helpers */ = {
			isa = PBXGroup;
			children = (
				A65CA7DA25A3901A007C6935 /* Extensions */,
				C1BD978E249AC0790044B734 /* Colors.swift */,
				C1BD9790249AC0810044B734 /* Fonts.swift */,
				C1FD02AC249B23F30029487C /* Layout.swift */,
			);
			path = Helpers;
			sourceTree = "<group>";
		};
/* End PBXGroup section */

/* Begin PBXNativeTarget section */
		C1BD9775249AC04D0044B734 /* FightCamp-Homework */ = {
			isa = PBXNativeTarget;
			buildConfigurationList = C1BD978A249AC04E0044B734 /* Build configuration list for PBXNativeTarget "FightCamp-Homework" */;
			buildPhases = (
				C1BD9772249AC04D0044B734 /* Sources */,
				C1BD9773249AC04D0044B734 /* Frameworks */,
				C1BD9774249AC04D0044B734 /* Resources */,
			);
			buildRules = (
			);
			dependencies = (
			);
			name = "FightCamp-Homework";
			productName = "FightCamp-Homework";
			productReference = C1BD9776249AC04D0044B734 /* FC-Homework.app */;
			productType = "com.apple.product-type.application";
		};
/* End PBXNativeTarget section */

/* Begin PBXProject section */
		C1BD976E249AC04D0044B734 /* Project object */ = {
			isa = PBXProject;
			attributes = {
				LastSwiftUpdateCheck = 1150;
				LastUpgradeCheck = 1230;
				ORGANIZATIONNAME = "Alexandre Marcotte";
				TargetAttributes = {
					C1BD9775249AC04D0044B734 = {
						CreatedOnToolsVersion = 11.5;
					};
				};
			};
			buildConfigurationList = C1BD9771249AC04D0044B734 /* Build configuration list for PBXProject "FightCamp-Homework" */;
			compatibilityVersion = "Xcode 9.3";
			developmentRegion = en;
			hasScannedForEncodings = 0;
			knownRegions = (
				en,
				Base,
			);
			mainGroup = C1BD976D249AC04D0044B734;
			productRefGroup = C1BD9777249AC04D0044B734 /* Products */;
			projectDirPath = "";
			projectRoot = "";
			targets = (
				C1BD9775249AC04D0044B734 /* FightCamp-Homework */,
			);
		};
/* End PBXProject section */

/* Begin PBXResourcesBuildPhase section */
		C1BD9774249AC04D0044B734 /* Resources */ = {
			isa = PBXResourcesBuildPhase;
			buildActionMask = 2147483647;
			files = (
				C1BD9793249AC3620044B734 /* packages.json in Resources */,
				C1BD9783249AC04E0044B734 /* Assets.xcassets in Resources */,
				C1BD979E249AFFCC0044B734 /* Font-2.otf in Resources */,
				C1BD979F249AFFCC0044B734 /* Font-3.otf in Resources */,
				C1BD97A0249AFFCC0044B734 /* Font-1.otf in Resources */,
			);
			runOnlyForDeploymentPostprocessing = 0;
		};
/* End PBXResourcesBuildPhase section */

/* Begin PBXSourcesBuildPhase section */
		C1BD9772249AC04D0044B734 /* Sources */ = {
			isa = PBXSourcesBuildPhase;
			buildActionMask = 2147483647;
			files = (
				A65CA7CF25A38EFC007C6935 /* Package.swift in Sources */,
				A65CA7E025A39054007C6935 /* UIImageView+URLLoading.swift in Sources */,
				A65CA7FF25A39154007C6935 /* Configurable.swift in Sources */,
				A65CA7FC25A39142007C6935 /* ListPackagesProtocol.swift in Sources */,
				C1BD9791249AC0810044B734 /* Fonts.swift in Sources */,
				C1BD978F249AC0790044B734 /* Colors.swift in Sources */,
				A65CA81425A3BB28007C6935 /* Coordinator.swift in Sources */,
				A65CA81025A3BB09007C6935 /* AppCoordinator.swift in Sources */,
				A65CA7D825A39000007C6935 /* PackageViewPresentable.swift in Sources */,
				C1FD02AD249B23F30029487C /* Layout.swift in Sources */,
				C1BD977A249AC04D0044B734 /* AppDelegate.swift in Sources */,
				A65CA7EC25A390C2007C6935 /* HomeDataSource.swift in Sources */,
				A65CA80225A39172007C6935 /* PackageTableViewCell.swift in Sources */,
				A65CA7EF25A390D6007C6935 /* HomeViewModel.swift in Sources */,
				A65CA7E825A390A2007C6935 /* HomeViewController.swift in Sources */,
				C1BD977C249AC04D0044B734 /* SceneDelegate.swift in Sources */,
				A65CA7F325A390FB007C6935 /* FightCampService.swift in Sources */,
				A65CA80C25A39F71007C6935 /* ViewReusable.swift in Sources */,
				A65CA7F825A39126007C6935 /* FightCampServiceable.swift in Sources */,
				A65CA7D425A38FE9007C6935 /* PackagePresentable.swift in Sources */,
				A65CA7DC25A39028007C6935 /* UILabel+Utility.swift in Sources */,
				A65CA80525A393F3007C6935 /* ThumbnailsView.swift in Sources */,
			);
			runOnlyForDeploymentPostprocessing = 0;
		};
/* End PBXSourcesBuildPhase section */

/* Begin XCBuildConfiguration section */
		C1BD9788249AC04E0044B734 /* Debug */ = {
			isa = XCBuildConfiguration;
			buildSettings = {
				ALWAYS_SEARCH_USER_PATHS = NO;
				CLANG_ANALYZER_NONNULL = YES;
				CLANG_ANALYZER_NUMBER_OBJECT_CONVERSION = YES_AGGRESSIVE;
				CLANG_CXX_LANGUAGE_STANDARD = "gnu++14";
				CLANG_CXX_LIBRARY = "libc++";
				CLANG_ENABLE_MODULES = YES;
				CLANG_ENABLE_OBJC_ARC = YES;
				CLANG_ENABLE_OBJC_WEAK = YES;
				CLANG_WARN_BLOCK_CAPTURE_AUTORELEASING = YES;
				CLANG_WARN_BOOL_CONVERSION = YES;
				CLANG_WARN_COMMA = YES;
				CLANG_WARN_CONSTANT_CONVERSION = YES;
				CLANG_WARN_DEPRECATED_OBJC_IMPLEMENTATIONS = YES;
				CLANG_WARN_DIRECT_OBJC_ISA_USAGE = YES_ERROR;
				CLANG_WARN_DOCUMENTATION_COMMENTS = YES;
				CLANG_WARN_EMPTY_BODY = YES;
				CLANG_WARN_ENUM_CONVERSION = YES;
				CLANG_WARN_INFINITE_RECURSION = YES;
				CLANG_WARN_INT_CONVERSION = YES;
				CLANG_WARN_NON_LITERAL_NULL_CONVERSION = YES;
				CLANG_WARN_OBJC_IMPLICIT_RETAIN_SELF = YES;
				CLANG_WARN_OBJC_LITERAL_CONVERSION = YES;
				CLANG_WARN_OBJC_ROOT_CLASS = YES_ERROR;
				CLANG_WARN_QUOTED_INCLUDE_IN_FRAMEWORK_HEADER = YES;
				CLANG_WARN_RANGE_LOOP_ANALYSIS = YES;
				CLANG_WARN_STRICT_PROTOTYPES = YES;
				CLANG_WARN_SUSPICIOUS_MOVE = YES;
				CLANG_WARN_UNGUARDED_AVAILABILITY = YES_AGGRESSIVE;
				CLANG_WARN_UNREACHABLE_CODE = YES;
				CLANG_WARN__DUPLICATE_METHOD_MATCH = YES;
				COPY_PHASE_STRIP = NO;
				DEBUG_INFORMATION_FORMAT = dwarf;
				ENABLE_STRICT_OBJC_MSGSEND = YES;
				ENABLE_TESTABILITY = YES;
				GCC_C_LANGUAGE_STANDARD = gnu11;
				GCC_DYNAMIC_NO_PIC = NO;
				GCC_NO_COMMON_BLOCKS = YES;
				GCC_OPTIMIZATION_LEVEL = 0;
				GCC_PREPROCESSOR_DEFINITIONS = (
					"DEBUG=1",
					"$(inherited)",
				);
				GCC_WARN_64_TO_32_BIT_CONVERSION = YES;
				GCC_WARN_ABOUT_RETURN_TYPE = YES_ERROR;
				GCC_WARN_UNDECLARED_SELECTOR = YES;
				GCC_WARN_UNINITIALIZED_AUTOS = YES_AGGRESSIVE;
				GCC_WARN_UNUSED_FUNCTION = YES;
				GCC_WARN_UNUSED_VARIABLE = YES;
				IPHONEOS_DEPLOYMENT_TARGET = 13.5;
				MTL_ENABLE_DEBUG_INFO = INCLUDE_SOURCE;
				MTL_FAST_MATH = YES;
				ONLY_ACTIVE_ARCH = YES;
				SDKROOT = iphoneos;
				SWIFT_ACTIVE_COMPILATION_CONDITIONS = DEBUG;
				SWIFT_OPTIMIZATION_LEVEL = "-Onone";
			};
			name = Debug;
		};
		C1BD9789249AC04E0044B734 /* Release */ = {
			isa = XCBuildConfiguration;
			buildSettings = {
				ALWAYS_SEARCH_USER_PATHS = NO;
				CLANG_ANALYZER_NONNULL = YES;
				CLANG_ANALYZER_NUMBER_OBJECT_CONVERSION = YES_AGGRESSIVE;
				CLANG_CXX_LANGUAGE_STANDARD = "gnu++14";
				CLANG_CXX_LIBRARY = "libc++";
				CLANG_ENABLE_MODULES = YES;
				CLANG_ENABLE_OBJC_ARC = YES;
				CLANG_ENABLE_OBJC_WEAK = YES;
				CLANG_WARN_BLOCK_CAPTURE_AUTORELEASING = YES;
				CLANG_WARN_BOOL_CONVERSION = YES;
				CLANG_WARN_COMMA = YES;
				CLANG_WARN_CONSTANT_CONVERSION = YES;
				CLANG_WARN_DEPRECATED_OBJC_IMPLEMENTATIONS = YES;
				CLANG_WARN_DIRECT_OBJC_ISA_USAGE = YES_ERROR;
				CLANG_WARN_DOCUMENTATION_COMMENTS = YES;
				CLANG_WARN_EMPTY_BODY = YES;
				CLANG_WARN_ENUM_CONVERSION = YES;
				CLANG_WARN_INFINITE_RECURSION = YES;
				CLANG_WARN_INT_CONVERSION = YES;
				CLANG_WARN_NON_LITERAL_NULL_CONVERSION = YES;
				CLANG_WARN_OBJC_IMPLICIT_RETAIN_SELF = YES;
				CLANG_WARN_OBJC_LITERAL_CONVERSION = YES;
				CLANG_WARN_OBJC_ROOT_CLASS = YES_ERROR;
				CLANG_WARN_QUOTED_INCLUDE_IN_FRAMEWORK_HEADER = YES;
				CLANG_WARN_RANGE_LOOP_ANALYSIS = YES;
				CLANG_WARN_STRICT_PROTOTYPES = YES;
				CLANG_WARN_SUSPICIOUS_MOVE = YES;
				CLANG_WARN_UNGUARDED_AVAILABILITY = YES_AGGRESSIVE;
				CLANG_WARN_UNREACHABLE_CODE = YES;
				CLANG_WARN__DUPLICATE_METHOD_MATCH = YES;
				COPY_PHASE_STRIP = NO;
				DEBUG_INFORMATION_FORMAT = "dwarf-with-dsym";
				ENABLE_NS_ASSERTIONS = NO;
				ENABLE_STRICT_OBJC_MSGSEND = YES;
				GCC_C_LANGUAGE_STANDARD = gnu11;
				GCC_NO_COMMON_BLOCKS = YES;
				GCC_WARN_64_TO_32_BIT_CONVERSION = YES;
				GCC_WARN_ABOUT_RETURN_TYPE = YES_ERROR;
				GCC_WARN_UNDECLARED_SELECTOR = YES;
				GCC_WARN_UNINITIALIZED_AUTOS = YES_AGGRESSIVE;
				GCC_WARN_UNUSED_FUNCTION = YES;
				GCC_WARN_UNUSED_VARIABLE = YES;
				IPHONEOS_DEPLOYMENT_TARGET = 13.5;
				MTL_ENABLE_DEBUG_INFO = NO;
				MTL_FAST_MATH = YES;
				SDKROOT = iphoneos;
				SWIFT_COMPILATION_MODE = wholemodule;
				SWIFT_OPTIMIZATION_LEVEL = "-O";
				VALIDATE_PRODUCT = YES;
			};
			name = Release;
		};
		C1BD978B249AC04E0044B734 /* Debug */ = {
			isa = XCBuildConfiguration;
			buildSettings = {
				ASSETCATALOG_COMPILER_APPICON_NAME = AppIcon;
				CODE_SIGN_STYLE = Automatic;
				DEVELOPMENT_TEAM = N7DJ322W5H;
				INFOPLIST_FILE = "FightCamp-Homework/Resources/Info.plist";
				IPHONEOS_DEPLOYMENT_TARGET = 13.0;
				LD_RUNPATH_SEARCH_PATHS = (
					"$(inherited)",
					"@executable_path/Frameworks",
				);
				PRODUCT_BUNDLE_IDENTIFIER = com.fightcamp.homework;
				PRODUCT_NAME = "FC-Homework";
				SWIFT_VERSION = 5.0;
				TARGETED_DEVICE_FAMILY = 1;
			};
			name = Debug;
		};
		C1BD978C249AC04E0044B734 /* Release */ = {
			isa = XCBuildConfiguration;
			buildSettings = {
				ASSETCATALOG_COMPILER_APPICON_NAME = AppIcon;
				CODE_SIGN_STYLE = Automatic;
				DEVELOPMENT_TEAM = N7DJ322W5H;
				INFOPLIST_FILE = "FightCamp-Homework/Resources/Info.plist";
				IPHONEOS_DEPLOYMENT_TARGET = 13.0;
				LD_RUNPATH_SEARCH_PATHS = (
					"$(inherited)",
					"@executable_path/Frameworks",
				);
				PRODUCT_BUNDLE_IDENTIFIER = com.fightcamp.homework;
				PRODUCT_NAME = "FC-Homework";
				SWIFT_VERSION = 5.0;
				TARGETED_DEVICE_FAMILY = 1;
			};
			name = Release;
		};
/* End XCBuildConfiguration section */

/* Begin XCConfigurationList section */
		C1BD9771249AC04D0044B734 /* Build configuration list for PBXProject "FightCamp-Homework" */ = {
			isa = XCConfigurationList;
			buildConfigurations = (
				C1BD9788249AC04E0044B734 /* Debug */,
				C1BD9789249AC04E0044B734 /* Release */,
			);
			defaultConfigurationIsVisible = 0;
			defaultConfigurationName = Release;
		};
		C1BD978A249AC04E0044B734 /* Build configuration list for PBXNativeTarget "FightCamp-Homework" */ = {
			isa = XCConfigurationList;
			buildConfigurations = (
				C1BD978B249AC04E0044B734 /* Debug */,
				C1BD978C249AC04E0044B734 /* Release */,
			);
			defaultConfigurationIsVisible = 0;
			defaultConfigurationName = Release;
		};
/* End XCConfigurationList section */
	};
	rootObject = C1BD976E249AC04D0044B734 /* Project object */;
}
